// !$*UTF8*$!
{
	archiveVersion = 1;
	classes = {
	};
	objectVersion = 46;
	objects = {

/* Begin PBXBuildFile section */
		068F190D989AB9F7536E9E73 /* Pods_unused_social.framework in Frameworks */ = {isa = PBXBuildFile; fileRef = D68B708CE45EEC9A4E0E0752 /* Pods_unused_social.framework */; };
		6A1487681DA6B3950020BCDB /* AppDelegate.swift in Sources */ = {isa = PBXBuildFile; fileRef = 6A1487671DA6B3950020BCDB /* AppDelegate.swift */; };
		6A14876A1DA6B3950020BCDB /* SignInVC.swift in Sources */ = {isa = PBXBuildFile; fileRef = 6A1487691DA6B3950020BCDB /* SignInVC.swift */; };
		6A14876D1DA6B3950020BCDB /* Main.storyboard in Resources */ = {isa = PBXBuildFile; fileRef = 6A14876B1DA6B3950020BCDB /* Main.storyboard */; };
		6A14876F1DA6B3950020BCDB /* Assets.xcassets in Resources */ = {isa = PBXBuildFile; fileRef = 6A14876E1DA6B3950020BCDB /* Assets.xcassets */; };
		6A1487721DA6B3950020BCDB /* LaunchScreen.storyboard in Resources */ = {isa = PBXBuildFile; fileRef = 6A1487701DA6B3950020BCDB /* LaunchScreen.storyboard */; };
		6A14877A1DA6B5C90020BCDB /* GoogleService-Info.plist in Resources */ = {isa = PBXBuildFile; fileRef = 6A1487791DA6B5C90020BCDB /* GoogleService-Info.plist */; };
/* End PBXBuildFile section */

/* Begin PBXFileReference section */
		1A087B72B1CD3504DEE97971 /* Pods-unused-social.release.xcconfig */ = {isa = PBXFileReference; includeInIndex = 1; lastKnownFileType = text.xcconfig; name = "Pods-unused-social.release.xcconfig"; path = "Pods/Target Support Files/Pods-unused-social/Pods-unused-social.release.xcconfig"; sourceTree = "<group>"; };
		6A1487641DA6B3950020BCDB /* unused-social.app */ = {isa = PBXFileReference; explicitFileType = wrapper.application; includeInIndex = 0; path = "unused-social.app"; sourceTree = BUILT_PRODUCTS_DIR; };
		6A1487671DA6B3950020BCDB /* AppDelegate.swift */ = {isa = PBXFileReference; lastKnownFileType = sourcecode.swift; path = AppDelegate.swift; sourceTree = "<group>"; };
		6A1487691DA6B3950020BCDB /* SignInVC.swift */ = {isa = PBXFileReference; lastKnownFileType = sourcecode.swift; path = SignInVC.swift; sourceTree = "<group>"; };
		6A14876C1DA6B3950020BCDB /* Base */ = {isa = PBXFileReference; lastKnownFileType = file.storyboard; name = Base; path = Base.lproj/Main.storyboard; sourceTree = "<group>"; };
		6A14876E1DA6B3950020BCDB /* Assets.xcassets */ = {isa = PBXFileReference; lastKnownFileType = folder.assetcatalog; path = Assets.xcassets; sourceTree = "<group>"; };
		6A1487711DA6B3950020BCDB /* Base */ = {isa = PBXFileReference; lastKnownFileType = file.storyboard; name = Base; path = Base.lproj/LaunchScreen.storyboard; sourceTree = "<group>"; };
		6A1487731DA6B3950020BCDB /* Info.plist */ = {isa = PBXFileReference; lastKnownFileType = text.plist.xml; path = Info.plist; sourceTree = "<group>"; };
		6A1487791DA6B5C90020BCDB /* GoogleService-Info.plist */ = {isa = PBXFileReference; fileEncoding = 4; lastKnownFileType = text.plist.xml; path = "GoogleService-Info.plist"; sourceTree = "<group>"; };
		AE530F78A671682246463E43 /* Pods-unused-social.debug.xcconfig */ = {isa = PBXFileReference; includeInIndex = 1; lastKnownFileType = text.xcconfig; name = "Pods-unused-social.debug.xcconfig"; path = "Pods/Target Support Files/Pods-unused-social/Pods-unused-social.debug.xcconfig"; sourceTree = "<group>"; };
		D68B708CE45EEC9A4E0E0752 /* Pods_unused_social.framework */ = {isa = PBXFileReference; explicitFileType = wrapper.framework; includeInIndex = 0; path = Pods_unused_social.framework; sourceTree = BUILT_PRODUCTS_DIR; };
/* End PBXFileReference section */

/* Begin PBXFrameworksBuildPhase section */
		6A1487611DA6B3950020BCDB /* Frameworks */ = {
			isa = PBXFrameworksBuildPhase;
			buildActionMask = 2147483647;
			files = (
				068F190D989AB9F7536E9E73 /* Pods_unused_social.framework in Frameworks */,
			);
			runOnlyForDeploymentPostprocessing = 0;
		};
/* End PBXFrameworksBuildPhase section */

/* Begin PBXGroup section */
		42773EE9B3C63A769470A853 /* Pods */ = {
			isa = PBXGroup;
			children = (
				AE530F78A671682246463E43 /* Pods-unused-social.debug.xcconfig */,
				1A087B72B1CD3504DEE97971 /* Pods-unused-social.release.xcconfig */,
			);
			name = Pods;
			sourceTree = "<group>";
		};
		42EAA868A96C9FCDB9C58F7F /* Frameworks */ = {
			isa = PBXGroup;
			children = (
				D68B708CE45EEC9A4E0E0752 /* Pods_unused_social.framework */,
			);
			name = Frameworks;
			sourceTree = "<group>";
		};
		6A14875B1DA6B3950020BCDB = {
			isa = PBXGroup;
			children = (
				6A1487661DA6B3950020BCDB /* unused-social */,
				6A1487651DA6B3950020BCDB /* Products */,
				42773EE9B3C63A769470A853 /* Pods */,
				42EAA868A96C9FCDB9C58F7F /* Frameworks */,
			);
			sourceTree = "<group>";
		};
		6A1487651DA6B3950020BCDB /* Products */ = {
			isa = PBXGroup;
			children = (
				6A1487641DA6B3950020BCDB /* unused-social.app */,
			);
			name = Products;
			sourceTree = "<group>";
		};
		6A1487661DA6B3950020BCDB /* unused-social */ = {
			isa = PBXGroup;
			children = (
				6A14877B1DA6B9880020BCDB /* Model */,
				6A14877C1DA6B98F0020BCDB /* View */,
				6A14877D1DA6B9950020BCDB /* Controller */,
				6A1487671DA6B3950020BCDB /* AppDelegate.swift */,
				6A14876E1DA6B3950020BCDB /* Assets.xcassets */,
				6A1487701DA6B3950020BCDB /* LaunchScreen.storyboard */,
				6A1487791DA6B5C90020BCDB /* GoogleService-Info.plist */,
				6A1487731DA6B3950020BCDB /* Info.plist */,
			);
			path = "unused-social";
			sourceTree = "<group>";
		};
		6A14877B1DA6B9880020BCDB /* Model */ = {
			isa = PBXGroup;
			children = (
			);
			name = Model;
			sourceTree = "<group>";
		};
		6A14877C1DA6B98F0020BCDB /* View */ = {
			isa = PBXGroup;
			children = (
				6A14876B1DA6B3950020BCDB /* Main.storyboard */,
			);
			name = View;
			sourceTree = "<group>";
		};
		6A14877D1DA6B9950020BCDB /* Controller */ = {
			isa = PBXGroup;
			children = (
				6A1487691DA6B3950020BCDB /* SignInVC.swift */,
			);
			name = Controller;
			sourceTree = "<group>";
		};
/* End PBXGroup section */

/* Begin PBXNativeTarget section */
		6A1487631DA6B3950020BCDB /* unused-social */ = {
			isa = PBXNativeTarget;
			buildConfigurationList = 6A1487761DA6B3950020BCDB /* Build configuration list for PBXNativeTarget "unused-social" */;
			buildPhases = (
				D6C39C20C81E5FBD4C3BB551 /* [CP] Check Pods Manifest.lock */,
				6A1487601DA6B3950020BCDB /* Sources */,
				6A1487611DA6B3950020BCDB /* Frameworks */,
				6A1487621DA6B3950020BCDB /* Resources */,
				7A0A7922D32FABA453C252F2 /* [CP] Embed Pods Frameworks */,
				BCEA733E71791608B00506D5 /* [CP] Copy Pods Resources */,
			);
			buildRules = (
			);
			dependencies = (
			);
			name = "unused-social";
			productName = "unused-social";
			productReference = 6A1487641DA6B3950020BCDB /* unused-social.app */;
			productType = "com.apple.product-type.application";
		};
/* End PBXNativeTarget section */

/* Begin PBXProject section */
		6A14875C1DA6B3950020BCDB /* Project object */ = {
			isa = PBXProject;
			attributes = {
				LastSwiftUpdateCheck = 0800;
				LastUpgradeCheck = 0800;
				ORGANIZATIONNAME = ColoApps;
				TargetAttributes = {
					6A1487631DA6B3950020BCDB = {
						CreatedOnToolsVersion = 8.0;
						DevelopmentTeam = 25DJ65N2MW;
						ProvisioningStyle = Automatic;
					};
				};
			};
			buildConfigurationList = 6A14875F1DA6B3950020BCDB /* Build configuration list for PBXProject "unused-social" */;
			compatibilityVersion = "Xcode 3.2";
			developmentRegion = English;
			hasScannedForEncodings = 0;
			knownRegions = (
				en,
				Base,
			);
			mainGroup = 6A14875B1DA6B3950020BCDB;
			productRefGroup = 6A1487651DA6B3950020BCDB /* Products */;
			projectDirPath = "";
			projectRoot = "";
			targets = (
				6A1487631DA6B3950020BCDB /* unused-social */,
			);
		};
/* End PBXProject section */

/* Begin PBXResourcesBuildPhase section */
		6A1487621DA6B3950020BCDB /* Resources */ = {
			isa = PBXResourcesBuildPhase;
			buildActionMask = 2147483647;
			files = (
				6A1487721DA6B3950020BCDB /* LaunchScreen.storyboard in Resources */,
				6A14877A1DA6B5C90020BCDB /* GoogleService-Info.plist in Resources */,
				6A14876F1DA6B3950020BCDB /* Assets.xcassets in Resources */,
				6A14876D1DA6B3950020BCDB /* Main.storyboard in Resources */,
			);
			runOnlyForDeploymentPostprocessing = 0;
		};
/* End PBXResourcesBuildPhase section */

/* Begin PBXShellScriptBuildPhase section */
		7A0A7922D32FABA453C252F2 /* [CP] Embed Pods Frameworks */ = {
			isa = PBXShellScriptBuildPhase;
			buildActionMask = 2147483647;
			files = (
			);
			inputPaths = (
			);
			name = "[CP] Embed Pods Frameworks";
			outputPaths = (
			);
			runOnlyForDeploymentPostprocessing = 0;
			shellPath = /bin/sh;
			shellScript = "\"${SRCROOT}/Pods/Target Support Files/Pods-unused-social/Pods-unused-social-frameworks.sh\"\n";
			showEnvVarsInLog = 0;
		};
		BCEA733E71791608B00506D5 /* [CP] Copy Pods Resources */ = {
			isa = PBXShellScriptBuildPhase;
			buildActionMask = 2147483647;
			files = (
			);
			inputPaths = (
			);
			name = "[CP] Copy Pods Resources";
			outputPaths = (
			);
			runOnlyForDeploymentPostprocessing = 0;
			shellPath = /bin/sh;
			shellScript = "\"${SRCROOT}/Pods/Target Support Files/Pods-unused-social/Pods-unused-social-resources.sh\"\n";
			showEnvVarsInLog = 0;
		};
		D6C39C20C81E5FBD4C3BB551 /* [CP] Check Pods Manifest.lock */ = {
			isa = PBXShellScriptBuildPhase;
			buildActionMask = 2147483647;
			files = (
			);
			inputPaths = (
			);
			name = "[CP] Check Pods Manifest.lock";
			outputPaths = (
			);
			runOnlyForDeploymentPostprocessing = 0;
			shellPath = /bin/sh;
			shellScript = "diff \"${PODS_ROOT}/../Podfile.lock\" \"${PODS_ROOT}/Manifest.lock\" > /dev/null\nif [[ $? != 0 ]] ; then\n    cat << EOM\nerror: The sandbox is not in sync with the Podfile.lock. Run 'pod install' or update your CocoaPods installation.\nEOM\n    exit 1\nfi\n";
			showEnvVarsInLog = 0;
		};
/* End PBXShellScriptBuildPhase section */

/* Begin PBXSourcesBuildPhase section */
		6A1487601DA6B3950020BCDB /* Sources */ = {
			isa = PBXSourcesBuildPhase;
			buildActionMask = 2147483647;
			files = (
				6A14876A1DA6B3950020BCDB /* SignInVC.swift in Sources */,
				6A1487681DA6B3950020BCDB /* AppDelegate.swift in Sources */,
			);
			runOnlyForDeploymentPostprocessing = 0;
		};
/* End PBXSourcesBuildPhase section */

/* Begin PBXVariantGroup section */
		6A14876B1DA6B3950020BCDB /* Main.storyboard */ = {
			isa = PBXVariantGroup;
			children = (
				6A14876C1DA6B3950020BCDB /* Base */,
			);
			name = Main.storyboard;
			sourceTree = "<group>";
		};
		6A1487701DA6B3950020BCDB /* LaunchScreen.storyboard */ = {
			isa = PBXVariantGroup;
			children = (
				6A1487711DA6B3950020BCDB /* Base */,
			);
			name = LaunchScreen.storyboard;
			sourceTree = "<group>";
		};
/* End PBXVariantGroup section */

/* Begin XCBuildConfiguration section */
		6A1487741DA6B3950020BCDB /* Debug */ = {
			isa = XCBuildConfiguration;
			buildSettings = {
				ALWAYS_SEARCH_USER_PATHS = NO;
				CLANG_ANALYZER_NONNULL = YES;
				CLANG_CXX_LANGUAGE_STANDARD = "gnu++0x";
				CLANG_CXX_LIBRARY = "libc++";
				CLANG_ENABLE_MODULES = YES;
				CLANG_ENABLE_OBJC_ARC = YES;
				CLANG_WARN_BOOL_CONVERSION = YES;
				CLANG_WARN_CONSTANT_CONVERSION = YES;
				CLANG_WARN_DIRECT_OBJC_ISA_USAGE = YES_ERROR;
				CLANG_WARN_DOCUMENTATION_COMMENTS = YES;
				CLANG_WARN_EMPTY_BODY = YES;
				CLANG_WARN_ENUM_CONVERSION = YES;
				CLANG_WARN_INFINITE_RECURSION = YES;
				CLANG_WARN_INT_CONVERSION = YES;
				CLANG_WARN_OBJC_ROOT_CLASS = YES_ERROR;
				CLANG_WARN_SUSPICIOUS_MOVES = YES;
				CLANG_WARN_UNREACHABLE_CODE = YES;
				CLANG_WARN__DUPLICATE_METHOD_MATCH = YES;
				"CODE_SIGN_IDENTITY[sdk=iphoneos*]" = "iPhone Developer";
				COPY_PHASE_STRIP = NO;
				DEBUG_INFORMATION_FORMAT = dwarf;
				ENABLE_STRICT_OBJC_MSGSEND = YES;
				ENABLE_TESTABILITY = YES;
				GCC_C_LANGUAGE_STANDARD = gnu99;
				GCC_DYNAMIC_NO_PIC = NO;
				GCC_NO_COMMON_BLOCKS = YES;
				GCC_OPTIMIZATION_LEVEL = 0;
				GCC_PREPROCESSOR_DEFINITIONS = (
					"DEBUG=1",
					"$(inherited)",
				);
				GCC_WARN_64_TO_32_BIT_CONVERSION = YES;
				GCC_WARN_ABOUT_RETURN_TYPE = YES_ERROR;
				GCC_WARN_UNDECLARED_SELECTOR = YES;
				GCC_WARN_UNINITIALIZED_AUTOS = YES_AGGRESSIVE;
				GCC_WARN_UNUSED_FUNCTION = YES;
				GCC_WARN_UNUSED_VARIABLE = YES;
				IPHONEOS_DEPLOYMENT_TARGET = 10.0;
				MTL_ENABLE_DEBUG_INFO = YES;
				ONLY_ACTIVE_ARCH = YES;
				SDKROOT = iphoneos;
				SWIFT_ACTIVE_COMPILATION_CONDITIONS = DEBUG;
				SWIFT_OPTIMIZATION_LEVEL = "-Onone";
				TARGETED_DEVICE_FAMILY = "1,2";
			};
			name = Debug;
		};
		6A1487751DA6B3950020BCDB /* Release */ = {
			isa = XCBuildConfiguration;
			buildSettings = {
				ALWAYS_SEARCH_USER_PATHS = NO;
				CLANG_ANALYZER_NONNULL = YES;
				CLANG_CXX_LANGUAGE_STANDARD = "gnu++0x";
				CLANG_CXX_LIBRARY = "libc++";
				CLANG_ENABLE_MODULES = YES;
				CLANG_ENABLE_OBJC_ARC = YES;
				CLANG_WARN_BOOL_CONVERSION = YES;
				CLANG_WARN_CONSTANT_CONVERSION = YES;
				CLANG_WARN_DIRECT_OBJC_ISA_USAGE = YES_ERROR;
				CLANG_WARN_DOCUMENTATION_COMMENTS = YES;
				CLANG_WARN_EMPTY_BODY = YES;
				CLANG_WARN_ENUM_CONVERSION = YES;
				CLANG_WARN_INFINITE_RECURSION = YES;
				CLANG_WARN_INT_CONVERSION = YES;
				CLANG_WARN_OBJC_ROOT_CLASS = YES_ERROR;
				CLANG_WARN_SUSPICIOUS_MOVES = YES;
				CLANG_WARN_UNREACHABLE_CODE = YES;
				CLANG_WARN__DUPLICATE_METHOD_MATCH = YES;
				"CODE_SIGN_IDENTITY[sdk=iphoneos*]" = "iPhone Developer";
				COPY_PHASE_STRIP = NO;
				DEBUG_INFORMATION_FORMAT = "dwarf-with-dsym";
				ENABLE_NS_ASSERTIONS = NO;
				ENABLE_STRICT_OBJC_MSGSEND = YES;
				GCC_C_LANGUAGE_STANDARD = gnu99;
				GCC_NO_COMMON_BLOCKS = YES;
				GCC_WARN_64_TO_32_BIT_CONVERSION = YES;
				GCC_WARN_ABOUT_RETURN_TYPE = YES_ERROR;
				GCC_WARN_UNDECLARED_SELECTOR = YES;
				GCC_WARN_UNINITIALIZED_AUTOS = YES_AGGRESSIVE;
				GCC_WARN_UNUSED_FUNCTION = YES;
				GCC_WARN_UNUSED_VARIABLE = YES;
				IPHONEOS_DEPLOYMENT_TARGET = 10.0;
				MTL_ENABLE_DEBUG_INFO = NO;
				SDKROOT = iphoneos;
				SWIFT_OPTIMIZATION_LEVEL = "-Owholemodule";
				TARGETED_DEVICE_FAMILY = "1,2";
				VALIDATE_PRODUCT = YES;
			};
			name = Release;
		};
		6A1487771DA6B3950020BCDB /* Debug */ = {
			isa = XCBuildConfiguration;
			baseConfigurationReference = AE530F78A671682246463E43 /* Pods-unused-social.debug.xcconfig */;
			buildSettings = {
				ASSETCATALOG_COMPILER_APPICON_NAME = AppIcon;
				DEVELOPMENT_TEAM = 25DJ65N2MW;
				INFOPLIST_FILE = "unused-social/Info.plist";
				LD_RUNPATH_SEARCH_PATHS = "$(inherited) @executable_path/Frameworks";
				PRODUCT_BUNDLE_IDENTIFIER = "com.ColoApps.unused-social";
				PRODUCT_NAME = "$(TARGET_NAME)";
				SWIFT_VERSION = 3.0;
			};
			name = Debug;
		};
		6A1487781DA6B3950020BCDB /* Release */ = {
			isa = XCBuildConfiguration;
			baseConfigurationReference = 1A087B72B1CD3504DEE97971 /* Pods-unused-social.release.xcconfig */;
			buildSettings = {
				ASSETCATALOG_COMPILER_APPICON_NAME = AppIcon;
				DEVELOPMENT_TEAM = 25DJ65N2MW;
				INFOPLIST_FILE = "unused-social/Info.plist";
				LD_RUNPATH_SEARCH_PATHS = "$(inherited) @executable_path/Frameworks";
				PRODUCT_BUNDLE_IDENTIFIER = "com.ColoApps.unused-social";
				PRODUCT_NAME = "$(TARGET_NAME)";
				SWIFT_VERSION = 3.0;
			};
			name = Release;
		};
/* End XCBuildConfiguration section */

/* Begin XCConfigurationList section */
		6A14875F1DA6B3950020BCDB /* Build configuration list for PBXProject "unused-social" */ = {
			isa = XCConfigurationList;
			buildConfigurations = (
				6A1487741DA6B3950020BCDB /* Debug */,
				6A1487751DA6B3950020BCDB /* Release */,
			);
			defaultConfigurationIsVisible = 0;
			defaultConfigurationName = Release;
		};
		6A1487761DA6B3950020BCDB /* Build configuration list for PBXNativeTarget "unused-social" */ = {
			isa = XCConfigurationList;
			buildConfigurations = (
				6A1487771DA6B3950020BCDB /* Debug */,
				6A1487781DA6B3950020BCDB /* Release */,
			);
			defaultConfigurationIsVisible = 0;
			defaultConfigurationName = Release;
		};
/* End XCConfigurationList section */
	};
	rootObject = 6A14875C1DA6B3950020BCDB /* Project object */;
}
